
Microsoft Visual Studio Solution File, Format Version 12.00
# Visual Studio Version 16
VisualStudioVersion = 16.0.30413.136
MinimumVisualStudioVersion = 10.0.40219.1
Project("{FAE04EC0-301F-11D3-BF4B-00C04F79EFBC}") = "StructureLearner", "StructureLearner\StructureLearner.csproj", "{765C0E44-F27B-46C8-ADC8-1C8A1CF45A0C}"
EndProject
Global
	GlobalSection(SolutionConfigurationPlatforms) = preSolution
		Debug|Any CPU = Debug|Any CPU
		Release|Any CPU = Release|Any CPU
	EndGlobalSection
	GlobalSection(ProjectConfigurationPlatforms) = postSolution
		{765C0E44-F27B-46C8-ADC8-1C8A1CF45A0C}.Debug|Any CPU.ActiveCfg = Debug|Any CPU
		{765C0E44-F27B-46C8-ADC8-1C8A1CF45A0C}.Debug|Any CPU.Build.0 = Debug|Any CPU
		{765C0E44-F27B-46C8-ADC8-1C8A1CF45A0C}.Release|Any CPU.ActiveCfg = Release|Any CPU
		{765C0E44-F27B-46C8-ADC8-1C8A1CF45A0C}.Release|Any CPU.Build.0 = Release|Any CPU
	EndGlobalSection
	GlobalSection(SolutionProperties) = preSolution
		HideSolutionNode = FALSE
	EndGlobalSection
	GlobalSection(ExtensibilityGlobals) = postSolution
		SolutionGuid = {1971BDF1-7A67-433F-96A9-719524A05D48}
	EndGlobalSection
EndGlobal
